
Microsoft Visual Studio Solution File, Format Version 12.00
# Visual Studio Version 17
VisualStudioVersion = 17.14.36717.8
MinimumVisualStudioVersion = 10.0.40219.1
Project("{FAE04EC0-301F-11D3-BF4B-00C04F79EFBC}") = "TestManagement.APP", "TestManagement.APP\TestManagement.APP.csproj", "{D0BFB6DD-1CCE-4E0E-B360-C87C0B3F025C}"
EndProject
Global
	GlobalSection(SolutionConfigurationPlatforms) = preSolution
		Debug|Any CPU = Debug|Any CPU
		Release|Any CPU = Release|Any CPU
	EndGlobalSection
	GlobalSection(ProjectConfigurationPlatforms) = postSolution
		{D0BFB6DD-1CCE-4E0E-B360-C87C0B3F025C}.Debug|Any CPU.ActiveCfg = Debug|Any CPU
		{D0BFB6DD-1CCE-4E0E-B360-C87C0B3F025C}.Debug|Any CPU.Build.0 = Debug|Any CPU
		{D0BFB6DD-1CCE-4E0E-B360-C87C0B3F025C}.Release|Any CPU.ActiveCfg = Release|Any CPU
		{D0BFB6DD-1CCE-4E0E-B360-C87C0B3F025C}.Release|Any CPU.Build.0 = Release|Any CPU
	EndGlobalSection
	GlobalSection(SolutionProperties) = preSolution
		HideSolutionNode = FALSE
	EndGlobalSection
	GlobalSection(ExtensibilityGlobals) = postSolution
		SolutionGuid = {116FA35A-151F-41AF-94EB-CC6B25919974}
	EndGlobalSection
EndGlobal
